// !$*UTF8*$!
{
	archiveVersion = 1;
	classes = {
	};
	objectVersion = 46;
	objects = {

/* Begin PBXBuildFile section */
		0D225D4A16CC64B700FAD6D8 /* UIKit.framework in Frameworks */ = {isa = PBXBuildFile; fileRef = 0D225D4916CC64B700FAD6D8 /* UIKit.framework */; };
		0D225D4C16CC64B700FAD6D8 /* Foundation.framework in Frameworks */ = {isa = PBXBuildFile; fileRef = 0D225D4B16CC64B700FAD6D8 /* Foundation.framework */; };
		0D225D4E16CC64B700FAD6D8 /* CoreGraphics.framework in Frameworks */ = {isa = PBXBuildFile; fileRef = 0D225D4D16CC64B700FAD6D8 /* CoreGraphics.framework */; };
		0D225D5416CC64B700FAD6D8 /* InfoPlist.strings in Resources */ = {isa = PBXBuildFile; fileRef = 0D225D5216CC64B700FAD6D8 /* InfoPlist.strings */; };
		0D225D5616CC64B700FAD6D8 /* main.m in Sources */ = {isa = PBXBuildFile; fileRef = 0D225D5516CC64B700FAD6D8 /* main.m */; };
		0D225D5A16CC64B700FAD6D8 /* AppDelegate.m in Sources */ = {isa = PBXBuildFile; fileRef = 0D225D5916CC64B700FAD6D8 /* AppDelegate.m */; };
		0D225D5C16CC64B800FAD6D8 /* Default.png in Resources */ = {isa = PBXBuildFile; fileRef = 0D225D5B16CC64B700FAD6D8 /* Default.png */; };
		0D225D5E16CC64B800FAD6D8 /* Default@2x.png in Resources */ = {isa = PBXBuildFile; fileRef = 0D225D5D16CC64B800FAD6D8 /* Default@2x.png */; };
		0D225D6016CC64B800FAD6D8 /* Default-568h@2x.png in Resources */ = {isa = PBXBuildFile; fileRef = 0D225D5F16CC64B800FAD6D8 /* Default-568h@2x.png */; };
		0D225D6316CC64B800FAD6D8 /* ViewController.m in Sources */ = {isa = PBXBuildFile; fileRef = 0D225D6216CC64B800FAD6D8 /* ViewController.m */; };
		0D225D6616CC64B800FAD6D8 /* ViewController.xib in Resources */ = {isa = PBXBuildFile; fileRef = 0D225D6416CC64B800FAD6D8 /* ViewController.xib */; };
/* End PBXBuildFile section */

/* Begin PBXFileReference section */
		0D225D4516CC64B700FAD6D8 /* Final1.app */ = {isa = PBXFileReference; explicitFileType = wrapper.application; includeInIndex = 0; path = Final1.app; sourceTree = BUILT_PRODUCTS_DIR; };
		0D225D4916CC64B700FAD6D8 /* UIKit.framework */ = {isa = PBXFileReference; lastKnownFileType = wrapper.framework; name = UIKit.framework; path = System/Library/Frameworks/UIKit.framework; sourceTree = SDKROOT; };
		0D225D4B16CC64B700FAD6D8 /* Foundation.framework */ = {isa = PBXFileReference; lastKnownFileType = wrapper.framework; name = Foundation.framework; path = System/Library/Frameworks/Foundation.framework; sourceTree = SDKROOT; };
		0D225D4D16CC64B700FAD6D8 /* CoreGraphics.framework */ = {isa = PBXFileReference; lastKnownFileType = wrapper.framework; name = CoreGraphics.framework; path = System/Library/Frameworks/CoreGraphics.framework; sourceTree = SDKROOT; };
		0D225D5116CC64B700FAD6D8 /* Final1-Info.plist */ = {isa = PBXFileReference; lastKnownFileType = text.plist.xml; path = "Final1-Info.plist"; sourceTree = "<group>"; };
		0D225D5316CC64B700FAD6D8 /* en */ = {isa = PBXFileReference; lastKnownFileType = text.plist.strings; name = en; path = en.lproj/InfoPlist.strings; sourceTree = "<group>"; };
		0D225D5516CC64B700FAD6D8 /* main.m */ = {isa = PBXFileReference; lastKnownFileType = sourcecode.c.objc; path = main.m; sourceTree = "<group>"; };
		0D225D5716CC64B700FAD6D8 /* Final1-Prefix.pch */ = {isa = PBXFileReference; lastKnownFileType = sourcecode.c.h; path = "Final1-Prefix.pch"; sourceTree = "<group>"; };
		0D225D5816CC64B700FAD6D8 /* AppDelegate.h */ = {isa = PBXFileReference; lastKnownFileType = sourcecode.c.h; path = AppDelegate.h; sourceTree = "<group>"; };
		0D225D5916CC64B700FAD6D8 /* AppDelegate.m */ = {isa = PBXFileReference; lastKnownFileType = sourcecode.c.objc; path = AppDelegate.m; sourceTree = "<group>"; };
		0D225D5B16CC64B700FAD6D8 /* Default.png */ = {isa = PBXFileReference; lastKnownFileType = image.png; path = Default.png; sourceTree = "<group>"; };
		0D225D5D16CC64B800FAD6D8 /* Default@2x.png */ = {isa = PBXFileReference; lastKnownFileType = image.png; path = "Default@2x.png"; sourceTree = "<group>"; };
		0D225D5F16CC64B800FAD6D8 /* Default-568h@2x.png */ = {isa = PBXFileReference; lastKnownFileType = image.png; path = "Default-568h@2x.png"; sourceTree = "<group>"; };
		0D225D6116CC64B800FAD6D8 /* ViewController.h */ = {isa = PBXFileReference; lastKnownFileType = sourcecode.c.h; path = ViewController.h; sourceTree = "<group>"; };
		0D225D6216CC64B800FAD6D8 /* ViewController.m */ = {isa = PBXFileReference; lastKnownFileType = sourcecode.c.objc; path = ViewController.m; sourceTree = "<group>"; };
		0D225D6516CC64B800FAD6D8 /* en */ = {isa = PBXFileReference; lastKnownFileType = file.xib; name = en; path = en.lproj/ViewController.xib; sourceTree = "<group>"; };
/* End PBXFileReference section */

/* Begin PBXFrameworksBuildPhase section */
		0D225D4216CC64B700FAD6D8 /* Frameworks */ = {
			isa = PBXFrameworksBuildPhase;
			buildActionMask = 2147483647;
			files = (
				0D225D4A16CC64B700FAD6D8 /* UIKit.framework in Frameworks */,
				0D225D4C16CC64B700FAD6D8 /* Foundation.framework in Frameworks */,
				0D225D4E16CC64B700FAD6D8 /* CoreGraphics.framework in Frameworks */,
			);
			runOnlyForDeploymentPostprocessing = 0;
		};
/* End PBXFrameworksBuildPhase section */

/* Begin PBXGroup section */
		0D225D3A16CC64B700FAD6D8 = {
			isa = PBXGroup;
			children = (
				0D225D4F16CC64B700FAD6D8 /* Final1 */,
				0D225D4816CC64B700FAD6D8 /* Frameworks */,
				0D225D4616CC64B700FAD6D8 /* Products */,
			);
			sourceTree = "<group>";
		};
		0D225D4616CC64B700FAD6D8 /* Products */ = {
			isa = PBXGroup;
			children = (
				0D225D4516CC64B700FAD6D8 /* Final1.app */,
			);
			name = Products;
			sourceTree = "<group>";
		};
		0D225D4816CC64B700FAD6D8 /* Frameworks */ = {
			isa = PBXGroup;
			children = (
				0D225D4916CC64B700FAD6D8 /* UIKit.framework */,
				0D225D4B16CC64B700FAD6D8 /* Foundation.framework */,
				0D225D4D16CC64B700FAD6D8 /* CoreGraphics.framework */,
			);
			name = Frameworks;
			sourceTree = "<group>";
		};
		0D225D4F16CC64B700FAD6D8 /* Final1 */ = {
			isa = PBXGroup;
			children = (
				0D225D5816CC64B700FAD6D8 /* AppDelegate.h */,
				0D225D5916CC64B700FAD6D8 /* AppDelegate.m */,
				0D225D6116CC64B800FAD6D8 /* ViewController.h */,
				0D225D6216CC64B800FAD6D8 /* ViewController.m */,
				0D225D6416CC64B800FAD6D8 /* ViewController.xib */,
				0D225D5016CC64B700FAD6D8 /* Supporting Files */,
			);
			path = Final1;
			sourceTree = "<group>";
		};
		0D225D5016CC64B700FAD6D8 /* Supporting Files */ = {
			isa = PBXGroup;
			children = (
				0D225D5116CC64B700FAD6D8 /* Final1-Info.plist */,
				0D225D5216CC64B700FAD6D8 /* InfoPlist.strings */,
				0D225D5516CC64B700FAD6D8 /* main.m */,
				0D225D5716CC64B700FAD6D8 /* Final1-Prefix.pch */,
				0D225D5B16CC64B700FAD6D8 /* Default.png */,
				0D225D5D16CC64B800FAD6D8 /* Default@2x.png */,
				0D225D5F16CC64B800FAD6D8 /* Default-568h@2x.png */,
			);
			name = "Supporting Files";
			sourceTree = "<group>";
		};
/* End PBXGroup section */

/* Begin PBXNativeTarget section */
		0D225D4416CC64B700FAD6D8 /* Final1 */ = {
			isa = PBXNativeTarget;
			buildConfigurationList = 0D225D6916CC64B800FAD6D8 /* Build configuration list for PBXNativeTarget "Final1" */;
			buildPhases = (
				0D225D4116CC64B700FAD6D8 /* Sources */,
				0D225D4216CC64B700FAD6D8 /* Frameworks */,
				0D225D4316CC64B700FAD6D8 /* Resources */,
			);
			buildRules = (
			);
			dependencies = (
			);
			name = Final1;
			productName = Final1;
			productReference = 0D225D4516CC64B700FAD6D8 /* Final1.app */;
			productType = "com.apple.product-type.application";
		};
/* End PBXNativeTarget section */

/* Begin PBXProject section */
		0D225D3C16CC64B700FAD6D8 /* Project object */ = {
			isa = PBXProject;
			attributes = {
				LastUpgradeCheck = 0450;
				ORGANIZATIONNAME = webstudent;
			};
			buildConfigurationList = 0D225D3F16CC64B700FAD6D8 /* Build configuration list for PBXProject "Final1" */;
			compatibilityVersion = "Xcode 3.2";
			developmentRegion = English;
			hasScannedForEncodings = 0;
			knownRegions = (
				en,
			);
			mainGroup = 0D225D3A16CC64B700FAD6D8;
			productRefGroup = 0D225D4616CC64B700FAD6D8 /* Products */;
			projectDirPath = "";
			projectRoot = "";
			targets = (
				0D225D4416CC64B700FAD6D8 /* Final1 */,
			);
		};
/* End PBXProject section */

/* Begin PBXResourcesBuildPhase section */
		0D225D4316CC64B700FAD6D8 /* Resources */ = {
			isa = PBXResourcesBuildPhase;
			buildActionMask = 2147483647;
			files = (
				0D225D5416CC64B700FAD6D8 /* InfoPlist.strings in Resources */,
				0D225D5C16CC64B800FAD6D8 /* Default.png in Resources */,
				0D225D5E16CC64B800FAD6D8 /* Default@2x.png in Resources */,
				0D225D6016CC64B800FAD6D8 /* Default-568h@2x.png in Resources */,
				0D225D6616CC64B800FAD6D8 /* ViewController.xib in Resources */,
			);
			runOnlyForDeploymentPostprocessing = 0;
		};
/* End PBXResourcesBuildPhase section */

/* Begin PBXSourcesBuildPhase section */
		0D225D4116CC64B700FAD6D8 /* Sources */ = {
			isa = PBXSourcesBuildPhase;
			buildActionMask = 2147483647;
			files = (
				0D225D5616CC64B700FAD6D8 /* main.m in Sources */,
				0D225D5A16CC64B700FAD6D8 /* AppDelegate.m in Sources */,
				0D225D6316CC64B800FAD6D8 /* ViewController.m in Sources */,
			);
			runOnlyForDeploymentPostprocessing = 0;
		};
/* End PBXSourcesBuildPhase section */

/* Begin PBXVariantGroup section */
		0D225D5216CC64B700FAD6D8 /* InfoPlist.strings */ = {
			isa = PBXVariantGroup;
			children = (
				0D225D5316CC64B700FAD6D8 /* en */,
			);
			name = InfoPlist.strings;
			sourceTree = "<group>";
		};
		0D225D6416CC64B800FAD6D8 /* ViewController.xib */ = {
			isa = PBXVariantGroup;
			children = (
				0D225D6516CC64B800FAD6D8 /* en */,
			);
			name = ViewController.xib;
			sourceTree = "<group>";
		};
/* End PBXVariantGroup section */

/* Begin XCBuildConfiguration section */
		0D225D6716CC64B800FAD6D8 /* Debug */ = {
			isa = XCBuildConfiguration;
			buildSettings = {
				ALWAYS_SEARCH_USER_PATHS = NO;
				CLANG_CXX_LANGUAGE_STANDARD = "gnu++0x";
				CLANG_CXX_LIBRARY = "libc++";
				CLANG_WARN_EMPTY_BODY = YES;
				CLANG_WARN__DUPLICATE_METHOD_MATCH = YES;
				"CODE_SIGN_IDENTITY[sdk=iphoneos*]" = "iPhone Developer";
				COPY_PHASE_STRIP = NO;
				GCC_C_LANGUAGE_STANDARD = gnu99;
				GCC_DYNAMIC_NO_PIC = NO;
				GCC_OPTIMIZATION_LEVEL = 0;
				GCC_PREPROCESSOR_DEFINITIONS = (
					"DEBUG=1",
					"$(inherited)",
				);
				GCC_SYMBOLS_PRIVATE_EXTERN = NO;
				GCC_WARN_ABOUT_RETURN_TYPE = YES;
				GCC_WARN_UNINITIALIZED_AUTOS = YES;
				GCC_WARN_UNUSED_VARIABLE = YES;
				IPHONEOS_DEPLOYMENT_TARGET = 6.0;
				ONLY_ACTIVE_ARCH = YES;
				SDKROOT = iphoneos;
				TARGETED_DEVICE_FAMILY = 2;
			};
			name = Debug;
		};
		0D225D6816CC64B800FAD6D8 /* Release */ = {
			isa = XCBuildConfiguration;
			buildSettings = {
				ALWAYS_SEARCH_USER_PATHS = NO;
				CLANG_CXX_LANGUAGE_STANDARD = "gnu++0x";
				CLANG_CXX_LIBRARY = "libc++";
				CLANG_WARN_EMPTY_BODY = YES;
				CLANG_WARN__DUPLICATE_METHOD_MATCH = YES;
				"CODE_SIGN_IDENTITY[sdk=iphoneos*]" = "iPhone Developer";
				COPY_PHASE_STRIP = YES;
				GCC_C_LANGUAGE_STANDARD = gnu99;
				GCC_WARN_ABOUT_RETURN_TYPE = YES;
				GCC_WARN_UNINITIALIZED_AUTOS = YES;
				GCC_WARN_UNUSED_VARIABLE = YES;
				IPHONEOS_DEPLOYMENT_TARGET = 6.0;
				OTHER_CFLAGS = "-DNS_BLOCK_ASSERTIONS=1";
				SDKROOT = iphoneos;
				TARGETED_DEVICE_FAMILY = 2;
				VALIDATE_PRODUCT = YES;
			};
			name = Release;
		};
		0D225D6A16CC64B800FAD6D8 /* Debug */ = {
			isa = XCBuildConfiguration;
			buildSettings = {
				GCC_PRECOMPILE_PREFIX_HEADER = YES;
				GCC_PREFIX_HEADER = "Final1/Final1-Prefix.pch";
				INFOPLIST_FILE = "Final1/Final1-Info.plist";
				PRODUCT_NAME = "$(TARGET_NAME)";
				WRAPPER_EXTENSION = app;
			};
			name = Debug;
		};
		0D225D6B16CC64B800FAD6D8 /* Release */ = {
			isa = XCBuildConfiguration;
			buildSettings = {
				GCC_PRECOMPILE_PREFIX_HEADER = YES;
				GCC_PREFIX_HEADER = "Final1/Final1-Prefix.pch";
				INFOPLIST_FILE = "Final1/Final1-Info.plist";
				PRODUCT_NAME = "$(TARGET_NAME)";
				WRAPPER_EXTENSION = app;
			};
			name = Release;
		};
/* End XCBuildConfiguration section */

/* Begin XCConfigurationList section */
		0D225D3F16CC64B700FAD6D8 /* Build configuration list for PBXProject "Final1" */ = {
			isa = XCConfigurationList;
			buildConfigurations = (
				0D225D6716CC64B800FAD6D8 /* Debug */,
				0D225D6816CC64B800FAD6D8 /* Release */,
			);
			defaultConfigurationIsVisible = 0;
			defaultConfigurationName = Release;
		};
		0D225D6916CC64B800FAD6D8 /* Build configuration list for PBXNativeTarget "Final1" */ = {
			isa = XCConfigurationList;
			buildConfigurations = (
				0D225D6A16CC64B800FAD6D8 /* Debug */,
				0D225D6B16CC64B800FAD6D8 /* Release */,
			);
			defaultConfigurationIsVisible = 0;
		};
/* End XCConfigurationList section */
	};
	rootObject = 0D225D3C16CC64B700FAD6D8 /* Project object */;
}
